
Microsoft Visual Studio Solution File, Format Version 12.00
# Visual Studio Version 17
VisualStudioVersion = 17.14.36109.1 d17.14
MinimumVisualStudioVersion = 10.0.40219.1
Project("{FAE04EC0-301F-11D3-BF4B-00C04F79EFBC}") = "LibrarySystem", "LibrarySystem\LibrarySystem.csproj", "{099B59E2-F355-4557-AB4F-85D21DB0DD22}"
EndProject
Global
	GlobalSection(SolutionConfigurationPlatforms) = preSolution
		Debug|Any CPU = Debug|Any CPU
		Release|Any CPU = Release|Any CPU
	EndGlobalSection
	GlobalSection(ProjectConfigurationPlatforms) = postSolution
		{099B59E2-F355-4557-AB4F-85D21DB0DD22}.Debug|Any CPU.ActiveCfg = Debug|Any CPU
		{099B59E2-F355-4557-AB4F-85D21DB0DD22}.Debug|Any CPU.Build.0 = Debug|Any CPU
		{099B59E2-F355-4557-AB4F-85D21DB0DD22}.Release|Any CPU.ActiveCfg = Release|Any CPU
		{099B59E2-F355-4557-AB4F-85D21DB0DD22}.Release|Any CPU.Build.0 = Release|Any CPU
	EndGlobalSection
	GlobalSection(SolutionProperties) = preSolution
		HideSolutionNode = FALSE
	EndGlobalSection
	GlobalSection(ExtensibilityGlobals) = postSolution
		SolutionGuid = {5E2069E3-258F-486C-8000-DBF7DC55EDC4}
	EndGlobalSection
EndGlobal
